// !$*UTF8*$!
{
	archiveVersion = 1;
	classes = {
	};
	objectVersion = 46;
	objects = {

/* Begin PBXBuildFile section */
		16C2E0821D617CA800D7BAB7 /* DetailVC.swift in Sources */ = {isa = PBXBuildFile; fileRef = 16C2E0811D617CA800D7BAB7 /* DetailVC.swift */; };
		16D539F81D615FB9003EFF5B /* AppDelegate.swift in Sources */ = {isa = PBXBuildFile; fileRef = 16D539F71D615FB9003EFF5B /* AppDelegate.swift */; };
		16D539FA1D615FB9003EFF5B /* ViewController.swift in Sources */ = {isa = PBXBuildFile; fileRef = 16D539F91D615FB9003EFF5B /* ViewController.swift */; };
		16D539FD1D615FB9003EFF5B /* Main.storyboard in Resources */ = {isa = PBXBuildFile; fileRef = 16D539FB1D615FB9003EFF5B /* Main.storyboard */; };
		16D539FF1D615FB9003EFF5B /* Assets.xcassets in Resources */ = {isa = PBXBuildFile; fileRef = 16D539FE1D615FB9003EFF5B /* Assets.xcassets */; };
		16D53A021D615FB9003EFF5B /* LaunchScreen.storyboard in Resources */ = {isa = PBXBuildFile; fileRef = 16D53A001D615FB9003EFF5B /* LaunchScreen.storyboard */; };
		16D53A191D616069003EFF5B /* bachicuonraucu.jpg in Resources */ = {isa = PBXBuildFile; fileRef = 16D53A0F1D616069003EFF5B /* bachicuonraucu.jpg */; };
		16D53A1A1D616069003EFF5B /* banhtrung.jpg in Resources */ = {isa = PBXBuildFile; fileRef = 16D53A101D616069003EFF5B /* banhtrung.jpg */; };
		16D53A1B1D616069003EFF5B /* CacMonAn.plist in Resources */ = {isa = PBXBuildFile; fileRef = 16D53A111D616069003EFF5B /* CacMonAn.plist */; };
		16D53A1C1D616069003EFF5B /* canhmang.jpg in Resources */ = {isa = PBXBuildFile; fileRef = 16D53A121D616069003EFF5B /* canhmang.jpg */; };
		16D53A1D1D616069003EFF5B /* giocha.jpg in Resources */ = {isa = PBXBuildFile; fileRef = 16D53A131D616069003EFF5B /* giocha.jpg */; };
		16D53A1E1D616069003EFF5B /* mut.jpg in Resources */ = {isa = PBXBuildFile; fileRef = 16D53A141D616069003EFF5B /* mut.jpg */; };
		16D53A1F1D616069003EFF5B /* nemchua.jpg in Resources */ = {isa = PBXBuildFile; fileRef = 16D53A151D616069003EFF5B /* nemchua.jpg */; };
		16D53A201D616069003EFF5B /* suonnuong.jpg in Resources */ = {isa = PBXBuildFile; fileRef = 16D53A161D616069003EFF5B /* suonnuong.jpg */; };
		16D53A211D616069003EFF5B /* thitbokho.jpg in Resources */ = {isa = PBXBuildFile; fileRef = 16D53A171D616069003EFF5B /* thitbokho.jpg */; };
		16D53A221D616069003EFF5B /* thitga.jpg in Resources */ = {isa = PBXBuildFile; fileRef = 16D53A181D616069003EFF5B /* thitga.jpg */; };
		16D53A241D616149003EFF5B /* MonAn.swift in Sources */ = {isa = PBXBuildFile; fileRef = 16D53A231D616149003EFF5B /* MonAn.swift */; };
		16D53A261D6161FB003EFF5B /* DataManager.swift in Sources */ = {isa = PBXBuildFile; fileRef = 16D53A251D6161FB003EFF5B /* DataManager.swift */; };
		16D53A281D61655C003EFF5B /* Cell.swift in Sources */ = {isa = PBXBuildFile; fileRef = 16D53A271D61655C003EFF5B /* Cell.swift */; };
/* End PBXBuildFile section */

/* Begin PBXFileReference section */
		16C2E0811D617CA800D7BAB7 /* DetailVC.swift */ = {isa = PBXFileReference; fileEncoding = 4; lastKnownFileType = sourcecode.swift; path = DetailVC.swift; sourceTree = "<group>"; };
		16D539F41D615FB9003EFF5B /* MonAnNgayTet.app */ = {isa = PBXFileReference; explicitFileType = wrapper.application; includeInIndex = 0; path = MonAnNgayTet.app; sourceTree = BUILT_PRODUCTS_DIR; };
		16D539F71D615FB9003EFF5B /* AppDelegate.swift */ = {isa = PBXFileReference; lastKnownFileType = sourcecode.swift; path = AppDelegate.swift; sourceTree = "<group>"; };
		16D539F91D615FB9003EFF5B /* ViewController.swift */ = {isa = PBXFileReference; lastKnownFileType = sourcecode.swift; path = ViewController.swift; sourceTree = "<group>"; };
		16D539FC1D615FB9003EFF5B /* Base */ = {isa = PBXFileReference; lastKnownFileType = file.storyboard; name = Base; path = Base.lproj/Main.storyboard; sourceTree = "<group>"; };
		16D539FE1D615FB9003EFF5B /* Assets.xcassets */ = {isa = PBXFileReference; lastKnownFileType = folder.assetcatalog; path = Assets.xcassets; sourceTree = "<group>"; };
		16D53A011D615FB9003EFF5B /* Base */ = {isa = PBXFileReference; lastKnownFileType = file.storyboard; name = Base; path = Base.lproj/LaunchScreen.storyboard; sourceTree = "<group>"; };
		16D53A031D615FB9003EFF5B /* Info.plist */ = {isa = PBXFileReference; lastKnownFileType = text.plist.xml; path = Info.plist; sourceTree = "<group>"; };
		16D53A0F1D616069003EFF5B /* bachicuonraucu.jpg */ = {isa = PBXFileReference; lastKnownFileType = image.jpeg; path = bachicuonraucu.jpg; sourceTree = "<group>"; };
		16D53A101D616069003EFF5B /* banhtrung.jpg */ = {isa = PBXFileReference; lastKnownFileType = image.jpeg; path = banhtrung.jpg; sourceTree = "<group>"; };
		16D53A111D616069003EFF5B /* CacMonAn.plist */ = {isa = PBXFileReference; fileEncoding = 4; lastKnownFileType = text.plist.xml; path = CacMonAn.plist; sourceTree = "<group>"; };
		16D53A121D616069003EFF5B /* canhmang.jpg */ = {isa = PBXFileReference; lastKnownFileType = image.jpeg; path = canhmang.jpg; sourceTree = "<group>"; };
		16D53A131D616069003EFF5B /* giocha.jpg */ = {isa = PBXFileReference; lastKnownFileType = image.jpeg; path = giocha.jpg; sourceTree = "<group>"; };
		16D53A141D616069003EFF5B /* mut.jpg */ = {isa = PBXFileReference; lastKnownFileType = image.jpeg; path = mut.jpg; sourceTree = "<group>"; };
		16D53A151D616069003EFF5B /* nemchua.jpg */ = {isa = PBXFileReference; lastKnownFileType = image.jpeg; path = nemchua.jpg; sourceTree = "<group>"; };
		16D53A161D616069003EFF5B /* suonnuong.jpg */ = {isa = PBXFileReference; lastKnownFileType = image.jpeg; path = suonnuong.jpg; sourceTree = "<group>"; };
		16D53A171D616069003EFF5B /* thitbokho.jpg */ = {isa = PBXFileReference; lastKnownFileType = image.jpeg; path = thitbokho.jpg; sourceTree = "<group>"; };
		16D53A181D616069003EFF5B /* thitga.jpg */ = {isa = PBXFileReference; lastKnownFileType = image.jpeg; path = thitga.jpg; sourceTree = "<group>"; };
		16D53A231D616149003EFF5B /* MonAn.swift */ = {isa = PBXFileReference; fileEncoding = 4; lastKnownFileType = sourcecode.swift; path = MonAn.swift; sourceTree = "<group>"; };
		16D53A251D6161FB003EFF5B /* DataManager.swift */ = {isa = PBXFileReference; fileEncoding = 4; lastKnownFileType = sourcecode.swift; path = DataManager.swift; sourceTree = "<group>"; };
		16D53A271D61655C003EFF5B /* Cell.swift */ = {isa = PBXFileReference; fileEncoding = 4; lastKnownFileType = sourcecode.swift; path = Cell.swift; sourceTree = "<group>"; };
/* End PBXFileReference section */

/* Begin PBXFrameworksBuildPhase section */
		16D539F11D615FB9003EFF5B /* Frameworks */ = {
			isa = PBXFrameworksBuildPhase;
			buildActionMask = 2147483647;
			files = (
			);
			runOnlyForDeploymentPostprocessing = 0;
		};
/* End PBXFrameworksBuildPhase section */

/* Begin PBXGroup section */
		16D539EB1D615FB9003EFF5B = {
			isa = PBXGroup;
			children = (
				16D539F61D615FB9003EFF5B /* MonAnNgayTet */,
				16D539F51D615FB9003EFF5B /* Products */,
			);
			sourceTree = "<group>";
		};
		16D539F51D615FB9003EFF5B /* Products */ = {
			isa = PBXGroup;
			children = (
				16D539F41D615FB9003EFF5B /* MonAnNgayTet.app */,
			);
			name = Products;
			sourceTree = "<group>";
		};
		16D539F61D615FB9003EFF5B /* MonAnNgayTet */ = {
			isa = PBXGroup;
			children = (
				16D539F71D615FB9003EFF5B /* AppDelegate.swift */,
				16D53A091D615FC2003EFF5B /* Model */,
				16D53A0D1D615FF5003EFF5B /* View */,
				16D53A0B1D615FE1003EFF5B /* Controller */,
				16D53A0E1D61604A003EFF5B /* Source */,
				16D539FE1D615FB9003EFF5B /* Assets.xcassets */,
				16D53A001D615FB9003EFF5B /* LaunchScreen.storyboard */,
				16D53A031D615FB9003EFF5B /* Info.plist */,
			);
			path = MonAnNgayTet;
			sourceTree = "<group>";
		};
		16D53A091D615FC2003EFF5B /* Model */ = {
			isa = PBXGroup;
			children = (
				16D53A111D616069003EFF5B /* CacMonAn.plist */,
				16D53A231D616149003EFF5B /* MonAn.swift */,
				16D53A251D6161FB003EFF5B /* DataManager.swift */,
			);
			name = Model;
			sourceTree = "<group>";
		};
		16D53A0B1D615FE1003EFF5B /* Controller */ = {
			isa = PBXGroup;
			children = (
				16D539F91D615FB9003EFF5B /* ViewController.swift */,
				16D53A271D61655C003EFF5B /* Cell.swift */,
				16C2E0811D617CA800D7BAB7 /* DetailVC.swift */,
			);
			name = Controller;
			sourceTree = "<group>";
		};
		16D53A0D1D615FF5003EFF5B /* View */ = {
			isa = PBXGroup;
			children = (
				16D539FB1D615FB9003EFF5B /* Main.storyboard */,
			);
			name = View;
			sourceTree = "<group>";
		};
		16D53A0E1D61604A003EFF5B /* Source */ = {
			isa = PBXGroup;
			children = (
				16D53A0F1D616069003EFF5B /* bachicuonraucu.jpg */,
				16D53A101D616069003EFF5B /* banhtrung.jpg */,
				16D53A121D616069003EFF5B /* canhmang.jpg */,
				16D53A131D616069003EFF5B /* giocha.jpg */,
				16D53A141D616069003EFF5B /* mut.jpg */,
				16D53A151D616069003EFF5B /* nemchua.jpg */,
				16D53A161D616069003EFF5B /* suonnuong.jpg */,
				16D53A171D616069003EFF5B /* thitbokho.jpg */,
				16D53A181D616069003EFF5B /* thitga.jpg */,
			);
			name = Source;
			sourceTree = "<group>";
		};
/* End PBXGroup section */

/* Begin PBXNativeTarget section */
		16D539F31D615FB9003EFF5B /* MonAnNgayTet */ = {
			isa = PBXNativeTarget;
			buildConfigurationList = 16D53A061D615FB9003EFF5B /* Build configuration list for PBXNativeTarget "MonAnNgayTet" */;
			buildPhases = (
				16D539F01D615FB9003EFF5B /* Sources */,
				16D539F11D615FB9003EFF5B /* Frameworks */,
				16D539F21D615FB9003EFF5B /* Resources */,
			);
			buildRules = (
			);
			dependencies = (
			);
			name = MonAnNgayTet;
			productName = MonAnNgayTet;
			productReference = 16D539F41D615FB9003EFF5B /* MonAnNgayTet.app */;
			productType = "com.apple.product-type.application";
		};
/* End PBXNativeTarget section */

/* Begin PBXProject section */
		16D539EC1D615FB9003EFF5B /* Project object */ = {
			isa = PBXProject;
			attributes = {
				LastSwiftUpdateCheck = 0730;
				LastUpgradeCheck = 0730;
				ORGANIZATIONNAME = ReasonAmu;
				TargetAttributes = {
					16D539F31D615FB9003EFF5B = {
						CreatedOnToolsVersion = 7.3.1;
						DevelopmentTeam = 7Y55XY9K89;
					};
				};
			};
			buildConfigurationList = 16D539EF1D615FB9003EFF5B /* Build configuration list for PBXProject "MonAnNgayTet" */;
			compatibilityVersion = "Xcode 3.2";
			developmentRegion = English;
			hasScannedForEncodings = 0;
			knownRegions = (
				en,
				Base,
			);
			mainGroup = 16D539EB1D615FB9003EFF5B;
			productRefGroup = 16D539F51D615FB9003EFF5B /* Products */;
			projectDirPath = "";
			projectRoot = "";
			targets = (
				16D539F31D615FB9003EFF5B /* MonAnNgayTet */,
			);
		};
/* End PBXProject section */

/* Begin PBXResourcesBuildPhase section */
		16D539F21D615FB9003EFF5B /* Resources */ = {
			isa = PBXResourcesBuildPhase;
			buildActionMask = 2147483647;
			files = (
				16D53A201D616069003EFF5B /* suonnuong.jpg in Resources */,
				16D53A1E1D616069003EFF5B /* mut.jpg in Resources */,
				16D53A1B1D616069003EFF5B /* CacMonAn.plist in Resources */,
				16D53A021D615FB9003EFF5B /* LaunchScreen.storyboard in Resources */,
				16D53A1F1D616069003EFF5B /* nemchua.jpg in Resources */,
				16D53A191D616069003EFF5B /* bachicuonraucu.jpg in Resources */,
				16D53A1A1D616069003EFF5B /* banhtrung.jpg in Resources */,
				16D53A1D1D616069003EFF5B /* giocha.jpg in Resources */,
				16D53A211D616069003EFF5B /* thitbokho.jpg in Resources */,
				16D539FF1D615FB9003EFF5B /* Assets.xcassets in Resources */,
				16D539FD1D615FB9003EFF5B /* Main.storyboard in Resources */,
				16D53A1C1D616069003EFF5B /* canhmang.jpg in Resources */,
				16D53A221D616069003EFF5B /* thitga.jpg in Resources */,
			);
			runOnlyForDeploymentPostprocessing = 0;
		};
/* End PBXResourcesBuildPhase section */

/* Begin PBXSourcesBuildPhase section */
		16D539F01D615FB9003EFF5B /* Sources */ = {
			isa = PBXSourcesBuildPhase;
			buildActionMask = 2147483647;
			files = (
				16D539FA1D615FB9003EFF5B /* ViewController.swift in Sources */,
				16D53A261D6161FB003EFF5B /* DataManager.swift in Sources */,
				16D53A281D61655C003EFF5B /* Cell.swift in Sources */,
				16D539F81D615FB9003EFF5B /* AppDelegate.swift in Sources */,
				16D53A241D616149003EFF5B /* MonAn.swift in Sources */,
				16C2E0821D617CA800D7BAB7 /* DetailVC.swift in Sources */,
			);
			runOnlyForDeploymentPostprocessing = 0;
		};
/* End PBXSourcesBuildPhase section */

/* Begin PBXVariantGroup section */
		16D539FB1D615FB9003EFF5B /* Main.storyboard */ = {
			isa = PBXVariantGroup;
			children = (
				16D539FC1D615FB9003EFF5B /* Base */,
			);
			name = Main.storyboard;
			sourceTree = "<group>";
		};
		16D53A001D615FB9003EFF5B /* LaunchScreen.storyboard */ = {
			isa = PBXVariantGroup;
			children = (
				16D53A011D615FB9003EFF5B /* Base */,
			);
			name = LaunchScreen.storyboard;
			sourceTree = "<group>";
		};
/* End PBXVariantGroup section */

/* Begin XCBuildConfiguration section */
		16D53A041D615FB9003EFF5B /* Debug */ = {
			isa = XCBuildConfiguration;
			buildSettings = {
				ALWAYS_SEARCH_USER_PATHS = NO;
				CLANG_ANALYZER_NONNULL = YES;
				CLANG_CXX_LANGUAGE_STANDARD = "gnu++0x";
				CLANG_CXX_LIBRARY = "libc++";
				CLANG_ENABLE_MODULES = YES;
				CLANG_ENABLE_OBJC_ARC = YES;
				CLANG_WARN_BOOL_CONVERSION = YES;
				CLANG_WARN_CONSTANT_CONVERSION = YES;
				CLANG_WARN_DIRECT_OBJC_ISA_USAGE = YES_ERROR;
				CLANG_WARN_EMPTY_BODY = YES;
				CLANG_WARN_ENUM_CONVERSION = YES;
				CLANG_WARN_INT_CONVERSION = YES;
				CLANG_WARN_OBJC_ROOT_CLASS = YES_ERROR;
				CLANG_WARN_UNREACHABLE_CODE = YES;
				CLANG_WARN__DUPLICATE_METHOD_MATCH = YES;
				"CODE_SIGN_IDENTITY[sdk=iphoneos*]" = "iPhone Developer";
				COPY_PHASE_STRIP = NO;
				DEBUG_INFORMATION_FORMAT = dwarf;
				ENABLE_STRICT_OBJC_MSGSEND = YES;
				ENABLE_TESTABILITY = YES;
				GCC_C_LANGUAGE_STANDARD = gnu99;
				GCC_DYNAMIC_NO_PIC = NO;
				GCC_NO_COMMON_BLOCKS = YES;
				GCC_OPTIMIZATION_LEVEL = 0;
				GCC_PREPROCESSOR_DEFINITIONS = (
					"DEBUG=1",
					"$(inherited)",
				);
				GCC_WARN_64_TO_32_BIT_CONVERSION = YES;
				GCC_WARN_ABOUT_RETURN_TYPE = YES_ERROR;
				GCC_WARN_UNDECLARED_SELECTOR = YES;
				GCC_WARN_UNINITIALIZED_AUTOS = YES_AGGRESSIVE;
				GCC_WARN_UNUSED_FUNCTION = YES;
				GCC_WARN_UNUSED_VARIABLE = YES;
				IPHONEOS_DEPLOYMENT_TARGET = 9.3;
				MTL_ENABLE_DEBUG_INFO = YES;
				ONLY_ACTIVE_ARCH = YES;
				SDKROOT = iphoneos;
				SWIFT_OPTIMIZATION_LEVEL = "-Onone";
				TARGETED_DEVICE_FAMILY = "1,2";
			};
			name = Debug;
		};
		16D53A051D615FB9003EFF5B /* Release */ = {
			isa = XCBuildConfiguration;
			buildSettings = {
				ALWAYS_SEARCH_USER_PATHS = NO;
				CLANG_ANALYZER_NONNULL = YES;
				CLANG_CXX_LANGUAGE_STANDARD = "gnu++0x";
				CLANG_CXX_LIBRARY = "libc++";
				CLANG_ENABLE_MODULES = YES;
				CLANG_ENABLE_OBJC_ARC = YES;
				CLANG_WARN_BOOL_CONVERSION = YES;
				CLANG_WARN_CONSTANT_CONVERSION = YES;
				CLANG_WARN_DIRECT_OBJC_ISA_USAGE = YES_ERROR;
				CLANG_WARN_EMPTY_BODY = YES;
				CLANG_WARN_ENUM_CONVERSION = YES;
				CLANG_WARN_INT_CONVERSION = YES;
				CLANG_WARN_OBJC_ROOT_CLASS = YES_ERROR;
				CLANG_WARN_UNREACHABLE_CODE = YES;
				CLANG_WARN__DUPLICATE_METHOD_MATCH = YES;
				"CODE_SIGN_IDENTITY[sdk=iphoneos*]" = "iPhone Developer";
				COPY_PHASE_STRIP = NO;
				DEBUG_INFORMATION_FORMAT = "dwarf-with-dsym";
				ENABLE_NS_ASSERTIONS = NO;
				ENABLE_STRICT_OBJC_MSGSEND = YES;
				GCC_C_LANGUAGE_STANDARD = gnu99;
				GCC_NO_COMMON_BLOCKS = YES;
				GCC_WARN_64_TO_32_BIT_CONVERSION = YES;
				GCC_WARN_ABOUT_RETURN_TYPE = YES_ERROR;
				GCC_WARN_UNDECLARED_SELECTOR = YES;
				GCC_WARN_UNINITIALIZED_AUTOS = YES_AGGRESSIVE;
				GCC_WARN_UNUSED_FUNCTION = YES;
				GCC_WARN_UNUSED_VARIABLE = YES;
				IPHONEOS_DEPLOYMENT_TARGET = 9.3;
				MTL_ENABLE_DEBUG_INFO = NO;
				SDKROOT = iphoneos;
				TARGETED_DEVICE_FAMILY = "1,2";
				VALIDATE_PRODUCT = YES;
			};
			name = Release;
		};
		16D53A071D615FB9003EFF5B /* Debug */ = {
			isa = XCBuildConfiguration;
			buildSettings = {
				ASSETCATALOG_COMPILER_APPICON_NAME = AppIcon;
				INFOPLIST_FILE = MonAnNgayTet/Info.plist;
				LD_RUNPATH_SEARCH_PATHS = "$(inherited) @executable_path/Frameworks";
				PRODUCT_BUNDLE_IDENTIFIER = TechMaster.MonAnNgayTet;
				PRODUCT_NAME = "$(TARGET_NAME)";
			};
			name = Debug;
		};
		16D53A081D615FB9003EFF5B /* Release */ = {
			isa = XCBuildConfiguration;
			buildSettings = {
				ASSETCATALOG_COMPILER_APPICON_NAME = AppIcon;
				INFOPLIST_FILE = MonAnNgayTet/Info.plist;
				LD_RUNPATH_SEARCH_PATHS = "$(inherited) @executable_path/Frameworks";
				PRODUCT_BUNDLE_IDENTIFIER = TechMaster.MonAnNgayTet;
				PRODUCT_NAME = "$(TARGET_NAME)";
			};
			name = Release;
		};
/* End XCBuildConfiguration section */

/* Begin XCConfigurationList section */
		16D539EF1D615FB9003EFF5B /* Build configuration list for PBXProject "MonAnNgayTet" */ = {
			isa = XCConfigurationList;
			buildConfigurations = (
				16D53A041D615FB9003EFF5B /* Debug */,
				16D53A051D615FB9003EFF5B /* Release */,
			);
			defaultConfigurationIsVisible = 0;
			defaultConfigurationName = Release;
		};
		16D53A061D615FB9003EFF5B /* Build configuration list for PBXNativeTarget "MonAnNgayTet" */ = {
			isa = XCConfigurationList;
			buildConfigurations = (
				16D53A071D615FB9003EFF5B /* Debug */,
				16D53A081D615FB9003EFF5B /* Release */,
			);
			defaultConfigurationIsVisible = 0;
			defaultConfigurationName = Release;
		};
/* End XCConfigurationList section */
	};
	rootObject = 16D539EC1D615FB9003EFF5B /* Project object */;
}
