// !$*UTF8*$!
{
	archiveVersion = 1;
	classes = {
	};
	objectVersion = 46;
	objects = {

/* Begin PBXBuildFile section */
		168BD3651D290C0B001C8E15 /* AppDelegate.swift in Sources */ = {isa = PBXBuildFile; fileRef = 168BD3641D290C0B001C8E15 /* AppDelegate.swift */; };
		168BD3671D290C0B001C8E15 /* ViewController.swift in Sources */ = {isa = PBXBuildFile; fileRef = 168BD3661D290C0B001C8E15 /* ViewController.swift */; };
		168BD36A1D290C0B001C8E15 /* Main.storyboard in Resources */ = {isa = PBXBuildFile; fileRef = 168BD3681D290C0B001C8E15 /* Main.storyboard */; };
		168BD36C1D290C0B001C8E15 /* Assets.xcassets in Resources */ = {isa = PBXBuildFile; fileRef = 168BD36B1D290C0B001C8E15 /* Assets.xcassets */; };
		168BD36F1D290C0B001C8E15 /* LaunchScreen.storyboard in Resources */ = {isa = PBXBuildFile; fileRef = 168BD36D1D290C0B001C8E15 /* LaunchScreen.storyboard */; };
/* End PBXBuildFile section */

/* Begin PBXFileReference section */
		168BD3611D290C0B001C8E15 /* Test.app */ = {isa = PBXFileReference; explicitFileType = wrapper.application; includeInIndex = 0; path = Test.app; sourceTree = BUILT_PRODUCTS_DIR; };
		168BD3641D290C0B001C8E15 /* AppDelegate.swift */ = {isa = PBXFileReference; lastKnownFileType = sourcecode.swift; path = AppDelegate.swift; sourceTree = "<group>"; };
		168BD3661D290C0B001C8E15 /* ViewController.swift */ = {isa = PBXFileReference; lastKnownFileType = sourcecode.swift; path = ViewController.swift; sourceTree = "<group>"; };
		168BD3691D290C0B001C8E15 /* Base */ = {isa = PBXFileReference; lastKnownFileType = file.storyboard; name = Base; path = Base.lproj/Main.storyboard; sourceTree = "<group>"; };
		168BD36B1D290C0B001C8E15 /* Assets.xcassets */ = {isa = PBXFileReference; lastKnownFileType = folder.assetcatalog; path = Assets.xcassets; sourceTree = "<group>"; };
		168BD36E1D290C0B001C8E15 /* Base */ = {isa = PBXFileReference; lastKnownFileType = file.storyboard; name = Base; path = Base.lproj/LaunchScreen.storyboard; sourceTree = "<group>"; };
		168BD3701D290C0B001C8E15 /* Info.plist */ = {isa = PBXFileReference; lastKnownFileType = text.plist.xml; path = Info.plist; sourceTree = "<group>"; };
/* End PBXFileReference section */

/* Begin PBXFrameworksBuildPhase section */
		168BD35E1D290C0B001C8E15 /* Frameworks */ = {
			isa = PBXFrameworksBuildPhase;
			buildActionMask = 2147483647;
			files = (
			);
			runOnlyForDeploymentPostprocessing = 0;
		};
/* End PBXFrameworksBuildPhase section */

/* Begin PBXGroup section */
		168BD3581D290C0B001C8E15 = {
			isa = PBXGroup;
			children = (
				168BD3631D290C0B001C8E15 /* Test */,
				168BD3621D290C0B001C8E15 /* Products */,
			);
			sourceTree = "<group>";
		};
		168BD3621D290C0B001C8E15 /* Products */ = {
			isa = PBXGroup;
			children = (
				168BD3611D290C0B001C8E15 /* Test.app */,
			);
			name = Products;
			sourceTree = "<group>";
		};
		168BD3631D290C0B001C8E15 /* Test */ = {
			isa = PBXGroup;
			children = (
				168BD3641D290C0B001C8E15 /* AppDelegate.swift */,
				168BD3661D290C0B001C8E15 /* ViewController.swift */,
				168BD3681D290C0B001C8E15 /* Main.storyboard */,
				168BD36B1D290C0B001C8E15 /* Assets.xcassets */,
				168BD36D1D290C0B001C8E15 /* LaunchScreen.storyboard */,
				168BD3701D290C0B001C8E15 /* Info.plist */,
			);
			path = Test;
			sourceTree = "<group>";
		};
/* End PBXGroup section */

/* Begin PBXNativeTarget section */
		168BD3601D290C0B001C8E15 /* Test */ = {
			isa = PBXNativeTarget;
			buildConfigurationList = 168BD3731D290C0B001C8E15 /* Build configuration list for PBXNativeTarget "Test" */;
			buildPhases = (
				168BD35D1D290C0B001C8E15 /* Sources */,
				168BD35E1D290C0B001C8E15 /* Frameworks */,
				168BD35F1D290C0B001C8E15 /* Resources */,
			);
			buildRules = (
			);
			dependencies = (
			);
			name = Test;
			productName = Test;
			productReference = 168BD3611D290C0B001C8E15 /* Test.app */;
			productType = "com.apple.product-type.application";
		};
/* End PBXNativeTarget section */

/* Begin PBXProject section */
		168BD3591D290C0B001C8E15 /* Project object */ = {
			isa = PBXProject;
			attributes = {
				LastSwiftUpdateCheck = 0730;
				LastUpgradeCheck = 0730;
				ORGANIZATIONNAME = ReasonAmu;
				TargetAttributes = {
					168BD3601D290C0B001C8E15 = {
						CreatedOnToolsVersion = 7.3.1;
						DevelopmentTeam = 7Y55XY9K89;
					};
				};
			};
			buildConfigurationList = 168BD35C1D290C0B001C8E15 /* Build configuration list for PBXProject "Test" */;
			compatibilityVersion = "Xcode 3.2";
			developmentRegion = English;
			hasScannedForEncodings = 0;
			knownRegions = (
				en,
				Base,
			);
			mainGroup = 168BD3581D290C0B001C8E15;
			productRefGroup = 168BD3621D290C0B001C8E15 /* Products */;
			projectDirPath = "";
			projectRoot = "";
			targets = (
				168BD3601D290C0B001C8E15 /* Test */,
			);
		};
/* End PBXProject section */

/* Begin PBXResourcesBuildPhase section */
		168BD35F1D290C0B001C8E15 /* Resources */ = {
			isa = PBXResourcesBuildPhase;
			buildActionMask = 2147483647;
			files = (
				168BD36F1D290C0B001C8E15 /* LaunchScreen.storyboard in Resources */,
				168BD36C1D290C0B001C8E15 /* Assets.xcassets in Resources */,
				168BD36A1D290C0B001C8E15 /* Main.storyboard in Resources */,
			);
			runOnlyForDeploymentPostprocessing = 0;
		};
/* End PBXResourcesBuildPhase section */

/* Begin PBXSourcesBuildPhase section */
		168BD35D1D290C0B001C8E15 /* Sources */ = {
			isa = PBXSourcesBuildPhase;
			buildActionMask = 2147483647;
			files = (
				168BD3671D290C0B001C8E15 /* ViewController.swift in Sources */,
				168BD3651D290C0B001C8E15 /* AppDelegate.swift in Sources */,
			);
			runOnlyForDeploymentPostprocessing = 0;
		};
/* End PBXSourcesBuildPhase section */

/* Begin PBXVariantGroup section */
		168BD3681D290C0B001C8E15 /* Main.storyboard */ = {
			isa = PBXVariantGroup;
			children = (
				168BD3691D290C0B001C8E15 /* Base */,
			);
			name = Main.storyboard;
			sourceTree = "<group>";
		};
		168BD36D1D290C0B001C8E15 /* LaunchScreen.storyboard */ = {
			isa = PBXVariantGroup;
			children = (
				168BD36E1D290C0B001C8E15 /* Base */,
			);
			name = LaunchScreen.storyboard;
			sourceTree = "<group>";
		};
/* End PBXVariantGroup section */

/* Begin XCBuildConfiguration section */
		168BD3711D290C0B001C8E15 /* Debug */ = {
			isa = XCBuildConfiguration;
			buildSettings = {
				ALWAYS_SEARCH_USER_PATHS = NO;
				CLANG_ANALYZER_NONNULL = YES;
				CLANG_CXX_LANGUAGE_STANDARD = "gnu++0x";
				CLANG_CXX_LIBRARY = "libc++";
				CLANG_ENABLE_MODULES = YES;
				CLANG_ENABLE_OBJC_ARC = YES;
				CLANG_WARN_BOOL_CONVERSION = YES;
				CLANG_WARN_CONSTANT_CONVERSION = YES;
				CLANG_WARN_DIRECT_OBJC_ISA_USAGE = YES_ERROR;
				CLANG_WARN_EMPTY_BODY = YES;
				CLANG_WARN_ENUM_CONVERSION = YES;
				CLANG_WARN_INT_CONVERSION = YES;
				CLANG_WARN_OBJC_ROOT_CLASS = YES_ERROR;
				CLANG_WARN_UNREACHABLE_CODE = YES;
				CLANG_WARN__DUPLICATE_METHOD_MATCH = YES;
				"CODE_SIGN_IDENTITY[sdk=iphoneos*]" = "iPhone Developer";
				COPY_PHASE_STRIP = NO;
				DEBUG_INFORMATION_FORMAT = dwarf;
				ENABLE_STRICT_OBJC_MSGSEND = YES;
				ENABLE_TESTABILITY = YES;
				GCC_C_LANGUAGE_STANDARD = gnu99;
				GCC_DYNAMIC_NO_PIC = NO;
				GCC_NO_COMMON_BLOCKS = YES;
				GCC_OPTIMIZATION_LEVEL = 0;
				GCC_PREPROCESSOR_DEFINITIONS = (
					"DEBUG=1",
					"$(inherited)",
				);
				GCC_WARN_64_TO_32_BIT_CONVERSION = YES;
				GCC_WARN_ABOUT_RETURN_TYPE = YES_ERROR;
				GCC_WARN_UNDECLARED_SELECTOR = YES;
				GCC_WARN_UNINITIALIZED_AUTOS = YES_AGGRESSIVE;
				GCC_WARN_UNUSED_FUNCTION = YES;
				GCC_WARN_UNUSED_VARIABLE = YES;
				IPHONEOS_DEPLOYMENT_TARGET = 9.3;
				MTL_ENABLE_DEBUG_INFO = YES;
				ONLY_ACTIVE_ARCH = YES;
				SDKROOT = iphoneos;
				SWIFT_OPTIMIZATION_LEVEL = "-Onone";
			};
			name = Debug;
		};
		168BD3721D290C0B001C8E15 /* Release */ = {
			isa = XCBuildConfiguration;
			buildSettings = {
				ALWAYS_SEARCH_USER_PATHS = NO;
				CLANG_ANALYZER_NONNULL = YES;
				CLANG_CXX_LANGUAGE_STANDARD = "gnu++0x";
				CLANG_CXX_LIBRARY = "libc++";
				CLANG_ENABLE_MODULES = YES;
				CLANG_ENABLE_OBJC_ARC = YES;
				CLANG_WARN_BOOL_CONVERSION = YES;
				CLANG_WARN_CONSTANT_CONVERSION = YES;
				CLANG_WARN_DIRECT_OBJC_ISA_USAGE = YES_ERROR;
				CLANG_WARN_EMPTY_BODY = YES;
				CLANG_WARN_ENUM_CONVERSION = YES;
				CLANG_WARN_INT_CONVERSION = YES;
				CLANG_WARN_OBJC_ROOT_CLASS = YES_ERROR;
				CLANG_WARN_UNREACHABLE_CODE = YES;
				CLANG_WARN__DUPLICATE_METHOD_MATCH = YES;
				"CODE_SIGN_IDENTITY[sdk=iphoneos*]" = "iPhone Developer";
				COPY_PHASE_STRIP = NO;
				DEBUG_INFORMATION_FORMAT = "dwarf-with-dsym";
				ENABLE_NS_ASSERTIONS = NO;
				ENABLE_STRICT_OBJC_MSGSEND = YES;
				GCC_C_LANGUAGE_STANDARD = gnu99;
				GCC_NO_COMMON_BLOCKS = YES;
				GCC_WARN_64_TO_32_BIT_CONVERSION = YES;
				GCC_WARN_ABOUT_RETURN_TYPE = YES_ERROR;
				GCC_WARN_UNDECLARED_SELECTOR = YES;
				GCC_WARN_UNINITIALIZED_AUTOS = YES_AGGRESSIVE;
				GCC_WARN_UNUSED_FUNCTION = YES;
				GCC_WARN_UNUSED_VARIABLE = YES;
				IPHONEOS_DEPLOYMENT_TARGET = 9.3;
				MTL_ENABLE_DEBUG_INFO = NO;
				SDKROOT = iphoneos;
				VALIDATE_PRODUCT = YES;
			};
			name = Release;
		};
		168BD3741D290C0B001C8E15 /* Debug */ = {
			isa = XCBuildConfiguration;
			buildSettings = {
				ASSETCATALOG_COMPILER_APPICON_NAME = AppIcon;
				INFOPLIST_FILE = Test/Info.plist;
				LD_RUNPATH_SEARCH_PATHS = "$(inherited) @executable_path/Frameworks";
				PRODUCT_BUNDLE_IDENTIFIER = PHI.Test;
				PRODUCT_NAME = "$(TARGET_NAME)";
			};
			name = Debug;
		};
		168BD3751D290C0B001C8E15 /* Release */ = {
			isa = XCBuildConfiguration;
			buildSettings = {
				ASSETCATALOG_COMPILER_APPICON_NAME = AppIcon;
				INFOPLIST_FILE = Test/Info.plist;
				LD_RUNPATH_SEARCH_PATHS = "$(inherited) @executable_path/Frameworks";
				PRODUCT_BUNDLE_IDENTIFIER = PHI.Test;
				PRODUCT_NAME = "$(TARGET_NAME)";
			};
			name = Release;
		};
/* End XCBuildConfiguration section */

/* Begin XCConfigurationList section */
		168BD35C1D290C0B001C8E15 /* Build configuration list for PBXProject "Test" */ = {
			isa = XCConfigurationList;
			buildConfigurations = (
				168BD3711D290C0B001C8E15 /* Debug */,
				168BD3721D290C0B001C8E15 /* Release */,
			);
			defaultConfigurationIsVisible = 0;
			defaultConfigurationName = Release;
		};
		168BD3731D290C0B001C8E15 /* Build configuration list for PBXNativeTarget "Test" */ = {
			isa = XCConfigurationList;
			buildConfigurations = (
				168BD3741D290C0B001C8E15 /* Debug */,
				168BD3751D290C0B001C8E15 /* Release */,
			);
			defaultConfigurationIsVisible = 0;
		};
/* End XCConfigurationList section */
	};
	rootObject = 168BD3591D290C0B001C8E15 /* Project object */;
}
