// !$*UTF8*$!
{
	archiveVersion = 1;
	classes = {
	};
	objectVersion = 46;
	objects = {

/* Begin PBXBuildFile section */
		1631B12D1D4A5B1700C9462B /* AppDelegate.swift in Sources */ = {isa = PBXBuildFile; fileRef = 1631B12C1D4A5B1700C9462B /* AppDelegate.swift */; };
		1631B12F1D4A5B1700C9462B /* ViewController.swift in Sources */ = {isa = PBXBuildFile; fileRef = 1631B12E1D4A5B1700C9462B /* ViewController.swift */; };
		1631B1321D4A5B1700C9462B /* Main.storyboard in Resources */ = {isa = PBXBuildFile; fileRef = 1631B1301D4A5B1700C9462B /* Main.storyboard */; };
		1631B1341D4A5B1700C9462B /* Assets.xcassets in Resources */ = {isa = PBXBuildFile; fileRef = 1631B1331D4A5B1700C9462B /* Assets.xcassets */; };
		1631B1371D4A5B1700C9462B /* LaunchScreen.storyboard in Resources */ = {isa = PBXBuildFile; fileRef = 1631B1351D4A5B1700C9462B /* LaunchScreen.storyboard */; };
		1673A3301D4B69DE0037713C /* Test.swift in Sources */ = {isa = PBXBuildFile; fileRef = 1673A32F1D4B69DE0037713C /* Test.swift */; };
		16CB18921D4AFB3B00AF4017 /* goku_ssj_3.png in Resources */ = {isa = PBXBuildFile; fileRef = 16CB188E1D4AFB3B00AF4017 /* goku_ssj_3.png */; };
		16CB18931D4AFB3B00AF4017 /* Goku_SSj.png in Resources */ = {isa = PBXBuildFile; fileRef = 16CB188F1D4AFB3B00AF4017 /* Goku_SSj.png */; };
		16CB18941D4AFB3B00AF4017 /* Goten.png in Resources */ = {isa = PBXBuildFile; fileRef = 16CB18901D4AFB3B00AF4017 /* Goten.png */; };
		16CB189A1D4AFB4E00AF4017 /* 01.png in Resources */ = {isa = PBXBuildFile; fileRef = 16CB18981D4AFB4E00AF4017 /* 01.png */; };
		16CB189B1D4AFB4E00AF4017 /* 02.png in Resources */ = {isa = PBXBuildFile; fileRef = 16CB18991D4AFB4E00AF4017 /* 02.png */; };
		16CB189D1D4AFE1A00AF4017 /* Item.swift in Sources */ = {isa = PBXBuildFile; fileRef = 16CB189C1D4AFE1A00AF4017 /* Item.swift */; };
		16CB189F1D4B067C00AF4017 /* dragon.png in Resources */ = {isa = PBXBuildFile; fileRef = 16CB189E1D4B067C00AF4017 /* dragon.png */; };
		16CB18A11D4B068A00AF4017 /* ball.png in Resources */ = {isa = PBXBuildFile; fileRef = 16CB18A01D4B068A00AF4017 /* ball.png */; };
		16CB18A31D4B069100AF4017 /* goku10.png in Resources */ = {isa = PBXBuildFile; fileRef = 16CB18A21D4B069100AF4017 /* goku10.png */; };
		16CB18A51D4B069C00AF4017 /* goku2.png in Resources */ = {isa = PBXBuildFile; fileRef = 16CB18A41D4B069C00AF4017 /* goku2.png */; };
		16CB18A91D4B166600AF4017 /* Game.swift in Sources */ = {isa = PBXBuildFile; fileRef = 16CB18A81D4B166600AF4017 /* Game.swift */; };
		16D499FB1D4C52F50095C2BE /* bg.png in Resources */ = {isa = PBXBuildFile; fileRef = 16D499EA1D4C52F40095C2BE /* bg.png */; };
		16D499FC1D4C52F50095C2BE /* skill.png in Resources */ = {isa = PBXBuildFile; fileRef = 16D499EB1D4C52F40095C2BE /* skill.png */; };
		16D499FD1D4C52F50095C2BE /* body.png in Resources */ = {isa = PBXBuildFile; fileRef = 16D499EC1D4C52F40095C2BE /* body.png */; };
		16D499FE1D4C52F50095C2BE /* eye.png in Resources */ = {isa = PBXBuildFile; fileRef = 16D499ED1D4C52F40095C2BE /* eye.png */; };
		16D499FF1D4C52F50095C2BE /* hair.png in Resources */ = {isa = PBXBuildFile; fileRef = 16D499EE1D4C52F40095C2BE /* hair.png */; };
		16D49A061D4C52F50095C2BE /* ao2.png in Resources */ = {isa = PBXBuildFile; fileRef = 16D499F51D4C52F50095C2BE /* ao2.png */; };
		16D49A071D4C52F50095C2BE /* 1221.png in Resources */ = {isa = PBXBuildFile; fileRef = 16D499F61D4C52F50095C2BE /* 1221.png */; };
		16D49A081D4C52F50095C2BE /* 675.png in Resources */ = {isa = PBXBuildFile; fileRef = 16D499F71D4C52F50095C2BE /* 675.png */; };
		16D49A091D4C52F50095C2BE /* skill2.png in Resources */ = {isa = PBXBuildFile; fileRef = 16D499F81D4C52F50095C2BE /* skill2.png */; };
		16D49A0D1D4C576B0095C2BE /* quan.png in Resources */ = {isa = PBXBuildFile; fileRef = 16D49A0C1D4C576B0095C2BE /* quan.png */; };
		16D49A111D4C5AF00095C2BE /* hair2.png in Resources */ = {isa = PBXBuildFile; fileRef = 16D49A101D4C5AF00095C2BE /* hair2.png */; };
		16D49A131D4C5AF30095C2BE /* ball.png in Resources */ = {isa = PBXBuildFile; fileRef = 16D49A121D4C5AF30095C2BE /* ball.png */; };
/* End PBXBuildFile section */

/* Begin PBXFileReference section */
		1631B1291D4A5B1700C9462B /* AppMerryChristmas.app */ = {isa = PBXFileReference; explicitFileType = wrapper.application; includeInIndex = 0; path = AppMerryChristmas.app; sourceTree = BUILT_PRODUCTS_DIR; };
		1631B12C1D4A5B1700C9462B /* AppDelegate.swift */ = {isa = PBXFileReference; lastKnownFileType = sourcecode.swift; path = AppDelegate.swift; sourceTree = "<group>"; };
		1631B12E1D4A5B1700C9462B /* ViewController.swift */ = {isa = PBXFileReference; lastKnownFileType = sourcecode.swift; path = ViewController.swift; sourceTree = "<group>"; };
		1631B1311D4A5B1700C9462B /* Base */ = {isa = PBXFileReference; lastKnownFileType = file.storyboard; name = Base; path = Base.lproj/Main.storyboard; sourceTree = "<group>"; };
		1631B1331D4A5B1700C9462B /* Assets.xcassets */ = {isa = PBXFileReference; lastKnownFileType = folder.assetcatalog; path = Assets.xcassets; sourceTree = "<group>"; };
		1631B1361D4A5B1700C9462B /* Base */ = {isa = PBXFileReference; lastKnownFileType = file.storyboard; name = Base; path = Base.lproj/LaunchScreen.storyboard; sourceTree = "<group>"; };
		1631B1381D4A5B1700C9462B /* Info.plist */ = {isa = PBXFileReference; lastKnownFileType = text.plist.xml; path = Info.plist; sourceTree = "<group>"; };
		1673A32F1D4B69DE0037713C /* Test.swift */ = {isa = PBXFileReference; fileEncoding = 4; lastKnownFileType = sourcecode.swift; name = Test.swift; path = ../Test.swift; sourceTree = "<group>"; };
		16CB188E1D4AFB3B00AF4017 /* goku_ssj_3.png */ = {isa = PBXFileReference; lastKnownFileType = image.png; path = goku_ssj_3.png; sourceTree = "<group>"; };
		16CB188F1D4AFB3B00AF4017 /* Goku_SSj.png */ = {isa = PBXFileReference; lastKnownFileType = image.png; path = Goku_SSj.png; sourceTree = "<group>"; };
		16CB18901D4AFB3B00AF4017 /* Goten.png */ = {isa = PBXFileReference; lastKnownFileType = image.png; path = Goten.png; sourceTree = "<group>"; };
		16CB18981D4AFB4E00AF4017 /* 01.png */ = {isa = PBXFileReference; lastKnownFileType = image.png; path = 01.png; sourceTree = "<group>"; };
		16CB18991D4AFB4E00AF4017 /* 02.png */ = {isa = PBXFileReference; lastKnownFileType = image.png; path = 02.png; sourceTree = "<group>"; };
		16CB189C1D4AFE1A00AF4017 /* Item.swift */ = {isa = PBXFileReference; fileEncoding = 4; lastKnownFileType = sourcecode.swift; path = Item.swift; sourceTree = "<group>"; };
		16CB189E1D4B067C00AF4017 /* dragon.png */ = {isa = PBXFileReference; lastKnownFileType = image.png; path = dragon.png; sourceTree = "<group>"; };
		16CB18A01D4B068A00AF4017 /* ball.png */ = {isa = PBXFileReference; lastKnownFileType = image.png; path = ball.png; sourceTree = "<group>"; };
		16CB18A21D4B069100AF4017 /* goku10.png */ = {isa = PBXFileReference; lastKnownFileType = image.png; path = goku10.png; sourceTree = "<group>"; };
		16CB18A41D4B069C00AF4017 /* goku2.png */ = {isa = PBXFileReference; lastKnownFileType = image.png; path = goku2.png; sourceTree = "<group>"; };
		16CB18A81D4B166600AF4017 /* Game.swift */ = {isa = PBXFileReference; fileEncoding = 4; lastKnownFileType = sourcecode.swift; path = Game.swift; sourceTree = "<group>"; };
		16D499EA1D4C52F40095C2BE /* bg.png */ = {isa = PBXFileReference; lastKnownFileType = image.png; path = bg.png; sourceTree = "<group>"; };
		16D499EB1D4C52F40095C2BE /* skill.png */ = {isa = PBXFileReference; lastKnownFileType = image.png; path = skill.png; sourceTree = "<group>"; };
		16D499EC1D4C52F40095C2BE /* body.png */ = {isa = PBXFileReference; lastKnownFileType = image.png; path = body.png; sourceTree = "<group>"; };
		16D499ED1D4C52F40095C2BE /* eye.png */ = {isa = PBXFileReference; lastKnownFileType = image.png; path = eye.png; sourceTree = "<group>"; };
		16D499EE1D4C52F40095C2BE /* hair.png */ = {isa = PBXFileReference; lastKnownFileType = image.png; path = hair.png; sourceTree = "<group>"; };
		16D499F51D4C52F50095C2BE /* ao2.png */ = {isa = PBXFileReference; lastKnownFileType = image.png; path = ao2.png; sourceTree = "<group>"; };
		16D499F61D4C52F50095C2BE /* 1221.png */ = {isa = PBXFileReference; lastKnownFileType = image.png; path = 1221.png; sourceTree = "<group>"; };
		16D499F71D4C52F50095C2BE /* 675.png */ = {isa = PBXFileReference; lastKnownFileType = image.png; path = 675.png; sourceTree = "<group>"; };
		16D499F81D4C52F50095C2BE /* skill2.png */ = {isa = PBXFileReference; lastKnownFileType = image.png; path = skill2.png; sourceTree = "<group>"; };
		16D49A0C1D4C576B0095C2BE /* quan.png */ = {isa = PBXFileReference; lastKnownFileType = image.png; path = quan.png; sourceTree = "<group>"; };
		16D49A101D4C5AF00095C2BE /* hair2.png */ = {isa = PBXFileReference; lastKnownFileType = image.png; path = hair2.png; sourceTree = "<group>"; };
		16D49A121D4C5AF30095C2BE /* ball.png */ = {isa = PBXFileReference; lastKnownFileType = image.png; path = ball.png; sourceTree = "<group>"; };
/* End PBXFileReference section */

/* Begin PBXFrameworksBuildPhase section */
		1631B1261D4A5B1700C9462B /* Frameworks */ = {
			isa = PBXFrameworksBuildPhase;
			buildActionMask = 2147483647;
			files = (
			);
			runOnlyForDeploymentPostprocessing = 0;
		};
/* End PBXFrameworksBuildPhase section */

/* Begin PBXGroup section */
		1631B1201D4A5B1700C9462B = {
			isa = PBXGroup;
			children = (
				1631B12B1D4A5B1700C9462B /* AppMerryChristmas */,
				1631B12A1D4A5B1700C9462B /* Products */,
			);
			sourceTree = "<group>";
		};
		1631B12A1D4A5B1700C9462B /* Products */ = {
			isa = PBXGroup;
			children = (
				1631B1291D4A5B1700C9462B /* AppMerryChristmas.app */,
			);
			name = Products;
			sourceTree = "<group>";
		};
		1631B12B1D4A5B1700C9462B /* AppMerryChristmas */ = {
			isa = PBXGroup;
			children = (
				16D499E91D4C52F40095C2BE /* Image */,
				16CB188D1D4AFB0D00AF4017 /* source */,
				1631B12C1D4A5B1700C9462B /* AppDelegate.swift */,
				1631B12E1D4A5B1700C9462B /* ViewController.swift */,
				16CB18A81D4B166600AF4017 /* Game.swift */,
				16CB189C1D4AFE1A00AF4017 /* Item.swift */,
				1673A32F1D4B69DE0037713C /* Test.swift */,
				1631B1301D4A5B1700C9462B /* Main.storyboard */,
				1631B1331D4A5B1700C9462B /* Assets.xcassets */,
				1631B1351D4A5B1700C9462B /* LaunchScreen.storyboard */,
				1631B1381D4A5B1700C9462B /* Info.plist */,
			);
			path = AppMerryChristmas;
			sourceTree = "<group>";
		};
		16CB188D1D4AFB0D00AF4017 /* source */ = {
			isa = PBXGroup;
			children = (
				16CB18981D4AFB4E00AF4017 /* 01.png */,
				16CB18991D4AFB4E00AF4017 /* 02.png */,
				16CB188E1D4AFB3B00AF4017 /* goku_ssj_3.png */,
				16CB189E1D4B067C00AF4017 /* dragon.png */,
				16CB18A01D4B068A00AF4017 /* ball.png */,
				16CB188F1D4AFB3B00AF4017 /* Goku_SSj.png */,
				16CB18A21D4B069100AF4017 /* goku10.png */,
				16CB18A41D4B069C00AF4017 /* goku2.png */,
				16CB18901D4AFB3B00AF4017 /* Goten.png */,
			);
			name = source;
			sourceTree = "<group>";
		};
		16D499E91D4C52F40095C2BE /* Image */ = {
			isa = PBXGroup;
			children = (
				16D49A121D4C5AF30095C2BE /* ball.png */,
				16D49A101D4C5AF00095C2BE /* hair2.png */,
				16D499EA1D4C52F40095C2BE /* bg.png */,
				16D499EB1D4C52F40095C2BE /* skill.png */,
				16D499EC1D4C52F40095C2BE /* body.png */,
				16D499ED1D4C52F40095C2BE /* eye.png */,
				16D499EE1D4C52F40095C2BE /* hair.png */,
				16D49A0C1D4C576B0095C2BE /* quan.png */,
				16D499F51D4C52F50095C2BE /* ao2.png */,
				16D499F61D4C52F50095C2BE /* 1221.png */,
				16D499F71D4C52F50095C2BE /* 675.png */,
				16D499F81D4C52F50095C2BE /* skill2.png */,
			);
			name = Image;
			path = ../Image;
			sourceTree = "<group>";
		};
/* End PBXGroup section */

/* Begin PBXNativeTarget section */
		1631B1281D4A5B1700C9462B /* AppMerryChristmas */ = {
			isa = PBXNativeTarget;
			buildConfigurationList = 1631B13B1D4A5B1700C9462B /* Build configuration list for PBXNativeTarget "AppMerryChristmas" */;
			buildPhases = (
				1631B1251D4A5B1700C9462B /* Sources */,
				1631B1261D4A5B1700C9462B /* Frameworks */,
				1631B1271D4A5B1700C9462B /* Resources */,
			);
			buildRules = (
			);
			dependencies = (
			);
			name = AppMerryChristmas;
			productName = AppMerryChristmas;
			productReference = 1631B1291D4A5B1700C9462B /* AppMerryChristmas.app */;
			productType = "com.apple.product-type.application";
		};
/* End PBXNativeTarget section */

/* Begin PBXProject section */
		1631B1211D4A5B1700C9462B /* Project object */ = {
			isa = PBXProject;
			attributes = {
				LastSwiftUpdateCheck = 0730;
				LastUpgradeCheck = 0730;
				ORGANIZATIONNAME = ReasonAmu;
				TargetAttributes = {
					1631B1281D4A5B1700C9462B = {
						CreatedOnToolsVersion = 7.3.1;
						DevelopmentTeam = 7Y55XY9K89;
					};
				};
			};
			buildConfigurationList = 1631B1241D4A5B1700C9462B /* Build configuration list for PBXProject "AppMerryChristmas" */;
			compatibilityVersion = "Xcode 3.2";
			developmentRegion = English;
			hasScannedForEncodings = 0;
			knownRegions = (
				en,
				Base,
			);
			mainGroup = 1631B1201D4A5B1700C9462B;
			productRefGroup = 1631B12A1D4A5B1700C9462B /* Products */;
			projectDirPath = "";
			projectRoot = "";
			targets = (
				1631B1281D4A5B1700C9462B /* AppMerryChristmas */,
			);
		};
/* End PBXProject section */

/* Begin PBXResourcesBuildPhase section */
		1631B1271D4A5B1700C9462B /* Resources */ = {
			isa = PBXResourcesBuildPhase;
			buildActionMask = 2147483647;
			files = (
				16CB18A51D4B069C00AF4017 /* goku2.png in Resources */,
				16D49A131D4C5AF30095C2BE /* ball.png in Resources */,
				16CB189A1D4AFB4E00AF4017 /* 01.png in Resources */,
				16D49A111D4C5AF00095C2BE /* hair2.png in Resources */,
				16CB18921D4AFB3B00AF4017 /* goku_ssj_3.png in Resources */,
				16D499FD1D4C52F50095C2BE /* body.png in Resources */,
				16CB18941D4AFB3B00AF4017 /* Goten.png in Resources */,
				16D499FF1D4C52F50095C2BE /* hair.png in Resources */,
				1631B1371D4A5B1700C9462B /* LaunchScreen.storyboard in Resources */,
				16CB189B1D4AFB4E00AF4017 /* 02.png in Resources */,
				16D49A091D4C52F50095C2BE /* skill2.png in Resources */,
				16D49A0D1D4C576B0095C2BE /* quan.png in Resources */,
				16D49A081D4C52F50095C2BE /* 675.png in Resources */,
				16D49A061D4C52F50095C2BE /* ao2.png in Resources */,
				16D49A071D4C52F50095C2BE /* 1221.png in Resources */,
				16CB189F1D4B067C00AF4017 /* dragon.png in Resources */,
				16D499FB1D4C52F50095C2BE /* bg.png in Resources */,
				16D499FC1D4C52F50095C2BE /* skill.png in Resources */,
				16D499FE1D4C52F50095C2BE /* eye.png in Resources */,
				16CB18A11D4B068A00AF4017 /* ball.png in Resources */,
				1631B1341D4A5B1700C9462B /* Assets.xcassets in Resources */,
				16CB18931D4AFB3B00AF4017 /* Goku_SSj.png in Resources */,
				16CB18A31D4B069100AF4017 /* goku10.png in Resources */,
				1631B1321D4A5B1700C9462B /* Main.storyboard in Resources */,
			);
			runOnlyForDeploymentPostprocessing = 0;
		};
/* End PBXResourcesBuildPhase section */

/* Begin PBXSourcesBuildPhase section */
		1631B1251D4A5B1700C9462B /* Sources */ = {
			isa = PBXSourcesBuildPhase;
			buildActionMask = 2147483647;
			files = (
				1631B12F1D4A5B1700C9462B /* ViewController.swift in Sources */,
				16CB189D1D4AFE1A00AF4017 /* Item.swift in Sources */,
				1673A3301D4B69DE0037713C /* Test.swift in Sources */,
				1631B12D1D4A5B1700C9462B /* AppDelegate.swift in Sources */,
				16CB18A91D4B166600AF4017 /* Game.swift in Sources */,
			);
			runOnlyForDeploymentPostprocessing = 0;
		};
/* End PBXSourcesBuildPhase section */

/* Begin PBXVariantGroup section */
		1631B1301D4A5B1700C9462B /* Main.storyboard */ = {
			isa = PBXVariantGroup;
			children = (
				1631B1311D4A5B1700C9462B /* Base */,
			);
			name = Main.storyboard;
			sourceTree = "<group>";
		};
		1631B1351D4A5B1700C9462B /* LaunchScreen.storyboard */ = {
			isa = PBXVariantGroup;
			children = (
				1631B1361D4A5B1700C9462B /* Base */,
			);
			name = LaunchScreen.storyboard;
			sourceTree = "<group>";
		};
/* End PBXVariantGroup section */

/* Begin XCBuildConfiguration section */
		1631B1391D4A5B1700C9462B /* Debug */ = {
			isa = XCBuildConfiguration;
			buildSettings = {
				ALWAYS_SEARCH_USER_PATHS = NO;
				CLANG_ANALYZER_NONNULL = YES;
				CLANG_CXX_LANGUAGE_STANDARD = "gnu++0x";
				CLANG_CXX_LIBRARY = "libc++";
				CLANG_ENABLE_MODULES = YES;
				CLANG_ENABLE_OBJC_ARC = YES;
				CLANG_WARN_BOOL_CONVERSION = YES;
				CLANG_WARN_CONSTANT_CONVERSION = YES;
				CLANG_WARN_DIRECT_OBJC_ISA_USAGE = YES_ERROR;
				CLANG_WARN_EMPTY_BODY = YES;
				CLANG_WARN_ENUM_CONVERSION = YES;
				CLANG_WARN_INT_CONVERSION = YES;
				CLANG_WARN_OBJC_ROOT_CLASS = YES_ERROR;
				CLANG_WARN_UNREACHABLE_CODE = YES;
				CLANG_WARN__DUPLICATE_METHOD_MATCH = YES;
				"CODE_SIGN_IDENTITY[sdk=iphoneos*]" = "iPhone Developer";
				COPY_PHASE_STRIP = NO;
				DEBUG_INFORMATION_FORMAT = dwarf;
				ENABLE_STRICT_OBJC_MSGSEND = YES;
				ENABLE_TESTABILITY = YES;
				GCC_C_LANGUAGE_STANDARD = gnu99;
				GCC_DYNAMIC_NO_PIC = NO;
				GCC_NO_COMMON_BLOCKS = YES;
				GCC_OPTIMIZATION_LEVEL = 0;
				GCC_PREPROCESSOR_DEFINITIONS = (
					"DEBUG=1",
					"$(inherited)",
				);
				GCC_WARN_64_TO_32_BIT_CONVERSION = YES;
				GCC_WARN_ABOUT_RETURN_TYPE = YES_ERROR;
				GCC_WARN_UNDECLARED_SELECTOR = YES;
				GCC_WARN_UNINITIALIZED_AUTOS = YES_AGGRESSIVE;
				GCC_WARN_UNUSED_FUNCTION = YES;
				GCC_WARN_UNUSED_VARIABLE = YES;
				IPHONEOS_DEPLOYMENT_TARGET = 9.3;
				MTL_ENABLE_DEBUG_INFO = YES;
				ONLY_ACTIVE_ARCH = YES;
				SDKROOT = iphoneos;
				SWIFT_OPTIMIZATION_LEVEL = "-Onone";
				TARGETED_DEVICE_FAMILY = "1,2";
			};
			name = Debug;
		};
		1631B13A1D4A5B1700C9462B /* Release */ = {
			isa = XCBuildConfiguration;
			buildSettings = {
				ALWAYS_SEARCH_USER_PATHS = NO;
				CLANG_ANALYZER_NONNULL = YES;
				CLANG_CXX_LANGUAGE_STANDARD = "gnu++0x";
				CLANG_CXX_LIBRARY = "libc++";
				CLANG_ENABLE_MODULES = YES;
				CLANG_ENABLE_OBJC_ARC = YES;
				CLANG_WARN_BOOL_CONVERSION = YES;
				CLANG_WARN_CONSTANT_CONVERSION = YES;
				CLANG_WARN_DIRECT_OBJC_ISA_USAGE = YES_ERROR;
				CLANG_WARN_EMPTY_BODY = YES;
				CLANG_WARN_ENUM_CONVERSION = YES;
				CLANG_WARN_INT_CONVERSION = YES;
				CLANG_WARN_OBJC_ROOT_CLASS = YES_ERROR;
				CLANG_WARN_UNREACHABLE_CODE = YES;
				CLANG_WARN__DUPLICATE_METHOD_MATCH = YES;
				"CODE_SIGN_IDENTITY[sdk=iphoneos*]" = "iPhone Developer";
				COPY_PHASE_STRIP = NO;
				DEBUG_INFORMATION_FORMAT = "dwarf-with-dsym";
				ENABLE_NS_ASSERTIONS = NO;
				ENABLE_STRICT_OBJC_MSGSEND = YES;
				GCC_C_LANGUAGE_STANDARD = gnu99;
				GCC_NO_COMMON_BLOCKS = YES;
				GCC_WARN_64_TO_32_BIT_CONVERSION = YES;
				GCC_WARN_ABOUT_RETURN_TYPE = YES_ERROR;
				GCC_WARN_UNDECLARED_SELECTOR = YES;
				GCC_WARN_UNINITIALIZED_AUTOS = YES_AGGRESSIVE;
				GCC_WARN_UNUSED_FUNCTION = YES;
				GCC_WARN_UNUSED_VARIABLE = YES;
				IPHONEOS_DEPLOYMENT_TARGET = 9.3;
				MTL_ENABLE_DEBUG_INFO = NO;
				SDKROOT = iphoneos;
				TARGETED_DEVICE_FAMILY = "1,2";
				VALIDATE_PRODUCT = YES;
			};
			name = Release;
		};
		1631B13C1D4A5B1700C9462B /* Debug */ = {
			isa = XCBuildConfiguration;
			buildSettings = {
				ASSETCATALOG_COMPILER_APPICON_NAME = AppIcon;
				INFOPLIST_FILE = AppMerryChristmas/Info.plist;
				LD_RUNPATH_SEARCH_PATHS = "$(inherited) @executable_path/Frameworks";
				PRODUCT_BUNDLE_IDENTIFIER = TechMaster.AppMerryChristmas;
				PRODUCT_NAME = "$(TARGET_NAME)";
			};
			name = Debug;
		};
		1631B13D1D4A5B1700C9462B /* Release */ = {
			isa = XCBuildConfiguration;
			buildSettings = {
				ASSETCATALOG_COMPILER_APPICON_NAME = AppIcon;
				INFOPLIST_FILE = AppMerryChristmas/Info.plist;
				LD_RUNPATH_SEARCH_PATHS = "$(inherited) @executable_path/Frameworks";
				PRODUCT_BUNDLE_IDENTIFIER = TechMaster.AppMerryChristmas;
				PRODUCT_NAME = "$(TARGET_NAME)";
			};
			name = Release;
		};
/* End XCBuildConfiguration section */

/* Begin XCConfigurationList section */
		1631B1241D4A5B1700C9462B /* Build configuration list for PBXProject "AppMerryChristmas" */ = {
			isa = XCConfigurationList;
			buildConfigurations = (
				1631B1391D4A5B1700C9462B /* Debug */,
				1631B13A1D4A5B1700C9462B /* Release */,
			);
			defaultConfigurationIsVisible = 0;
			defaultConfigurationName = Release;
		};
		1631B13B1D4A5B1700C9462B /* Build configuration list for PBXNativeTarget "AppMerryChristmas" */ = {
			isa = XCConfigurationList;
			buildConfigurations = (
				1631B13C1D4A5B1700C9462B /* Debug */,
				1631B13D1D4A5B1700C9462B /* Release */,
			);
			defaultConfigurationIsVisible = 0;
			defaultConfigurationName = Release;
		};
/* End XCConfigurationList section */
	};
	rootObject = 1631B1211D4A5B1700C9462B /* Project object */;
}
